// !$*UTF8*$!
{
	archiveVersion = 1;
	classes = {
	};
	objectVersion = 50;
	objects = {

/* Begin PBXBuildFile section */
		C4006492267A729100AF44B4 /* suonoicon.png in Resources */ = {isa = PBXBuildFile; fileRef = C47B7015265EF95D001370E5 /* suonoicon.png */; };
		C405CCE3263DED6E0031E98C /* Modelli.swift in Sources */ = {isa = PBXBuildFile; fileRef = C405CCE2263DED6E0031E98C /* Modelli.swift */; };
		C405CCE4263DED6E0031E98C /* Modelli.swift in Sources */ = {isa = PBXBuildFile; fileRef = C405CCE2263DED6E0031E98C /* Modelli.swift */; };
		C405CCF8263DF0CD0031E98C /* p16.mp3 in Resources */ = {isa = PBXBuildFile; fileRef = C405CCE6263DF0CC0031E98C /* p16.mp3 */; };
		C405CCF9263DF0CD0031E98C /* p16.mp3 in Resources */ = {isa = PBXBuildFile; fileRef = C405CCE6263DF0CC0031E98C /* p16.mp3 */; };
		C405CCFA263DF0CD0031E98C /* p17.mp3 in Resources */ = {isa = PBXBuildFile; fileRef = C405CCE7263DF0CC0031E98C /* p17.mp3 */; };
		C405CCFB263DF0CD0031E98C /* p17.mp3 in Resources */ = {isa = PBXBuildFile; fileRef = C405CCE7263DF0CC0031E98C /* p17.mp3 */; };
		C405CCFC263DF0CD0031E98C /* p14.mp3 in Resources */ = {isa = PBXBuildFile; fileRef = C405CCE8263DF0CD0031E98C /* p14.mp3 */; };
		C405CCFD263DF0CD0031E98C /* p14.mp3 in Resources */ = {isa = PBXBuildFile; fileRef = C405CCE8263DF0CD0031E98C /* p14.mp3 */; };
		C405CCFE263DF0CD0031E98C /* p11.mp3 in Resources */ = {isa = PBXBuildFile; fileRef = C405CCE9263DF0CD0031E98C /* p11.mp3 */; };
		C405CCFF263DF0CD0031E98C /* p11.mp3 in Resources */ = {isa = PBXBuildFile; fileRef = C405CCE9263DF0CD0031E98C /* p11.mp3 */; };
		C405CD00263DF0CD0031E98C /* p8.mp3 in Resources */ = {isa = PBXBuildFile; fileRef = C405CCEA263DF0CD0031E98C /* p8.mp3 */; };
		C405CD01263DF0CD0031E98C /* p8.mp3 in Resources */ = {isa = PBXBuildFile; fileRef = C405CCEA263DF0CD0031E98C /* p8.mp3 */; };
		C405CD02263DF0CD0031E98C /* p12.mp3 in Resources */ = {isa = PBXBuildFile; fileRef = C405CCEB263DF0CD0031E98C /* p12.mp3 */; };
		C405CD03263DF0CD0031E98C /* p12.mp3 in Resources */ = {isa = PBXBuildFile; fileRef = C405CCEB263DF0CD0031E98C /* p12.mp3 */; };
		C405CD04263DF0CD0031E98C /* p9.mp3 in Resources */ = {isa = PBXBuildFile; fileRef = C405CCEC263DF0CD0031E98C /* p9.mp3 */; };
		C405CD05263DF0CD0031E98C /* p9.mp3 in Resources */ = {isa = PBXBuildFile; fileRef = C405CCEC263DF0CD0031E98C /* p9.mp3 */; };
		C405CD06263DF0CD0031E98C /* p18.mp3 in Resources */ = {isa = PBXBuildFile; fileRef = C405CCED263DF0CD0031E98C /* p18.mp3 */; };
		C405CD07263DF0CD0031E98C /* p18.mp3 in Resources */ = {isa = PBXBuildFile; fileRef = C405CCED263DF0CD0031E98C /* p18.mp3 */; };
		C405CD08263DF0CD0031E98C /* p7.mp3 in Resources */ = {isa = PBXBuildFile; fileRef = C405CCEE263DF0CD0031E98C /* p7.mp3 */; };
		C405CD09263DF0CD0031E98C /* p7.mp3 in Resources */ = {isa = PBXBuildFile; fileRef = C405CCEE263DF0CD0031E98C /* p7.mp3 */; };
		C405CD0A263DF0CD0031E98C /* p2.mp3 in Resources */ = {isa = PBXBuildFile; fileRef = C405CCEF263DF0CD0031E98C /* p2.mp3 */; };
		C405CD0B263DF0CD0031E98C /* p2.mp3 in Resources */ = {isa = PBXBuildFile; fileRef = C405CCEF263DF0CD0031E98C /* p2.mp3 */; };
		C405CD0C263DF0CD0031E98C /* p3.mp3 in Resources */ = {isa = PBXBuildFile; fileRef = C405CCF0263DF0CD0031E98C /* p3.mp3 */; };
		C405CD0D263DF0CD0031E98C /* p3.mp3 in Resources */ = {isa = PBXBuildFile; fileRef = C405CCF0263DF0CD0031E98C /* p3.mp3 */; };
		C405CD0E263DF0CD0031E98C /* p4.mp3 in Resources */ = {isa = PBXBuildFile; fileRef = C405CCF1263DF0CD0031E98C /* p4.mp3 */; };
		C405CD0F263DF0CD0031E98C /* p4.mp3 in Resources */ = {isa = PBXBuildFile; fileRef = C405CCF1263DF0CD0031E98C /* p4.mp3 */; };
		C405CD10263DF0CD0031E98C /* p10.mp3 in Resources */ = {isa = PBXBuildFile; fileRef = C405CCF2263DF0CD0031E98C /* p10.mp3 */; };
		C405CD11263DF0CD0031E98C /* p10.mp3 in Resources */ = {isa = PBXBuildFile; fileRef = C405CCF2263DF0CD0031E98C /* p10.mp3 */; };
		C405CD12263DF0CD0031E98C /* p1.mp3 in Resources */ = {isa = PBXBuildFile; fileRef = C405CCF3263DF0CD0031E98C /* p1.mp3 */; };
		C405CD13263DF0CD0031E98C /* p1.mp3 in Resources */ = {isa = PBXBuildFile; fileRef = C405CCF3263DF0CD0031E98C /* p1.mp3 */; };
		C405CD14263DF0CD0031E98C /* p5.mp3 in Resources */ = {isa = PBXBuildFile; fileRef = C405CCF4263DF0CD0031E98C /* p5.mp3 */; };
		C405CD15263DF0CD0031E98C /* p5.mp3 in Resources */ = {isa = PBXBuildFile; fileRef = C405CCF4263DF0CD0031E98C /* p5.mp3 */; };
		C405CD16263DF0CD0031E98C /* p6.mp3 in Resources */ = {isa = PBXBuildFile; fileRef = C405CCF5263DF0CD0031E98C /* p6.mp3 */; };
		C405CD17263DF0CD0031E98C /* p6.mp3 in Resources */ = {isa = PBXBuildFile; fileRef = C405CCF5263DF0CD0031E98C /* p6.mp3 */; };
		C405CD18263DF0CD0031E98C /* p13.mp3 in Resources */ = {isa = PBXBuildFile; fileRef = C405CCF6263DF0CD0031E98C /* p13.mp3 */; };
		C405CD19263DF0CD0031E98C /* p13.mp3 in Resources */ = {isa = PBXBuildFile; fileRef = C405CCF6263DF0CD0031E98C /* p13.mp3 */; };
		C405CD1A263DF0CD0031E98C /* p15.mp3 in Resources */ = {isa = PBXBuildFile; fileRef = C405CCF7263DF0CD0031E98C /* p15.mp3 */; };
		C405CD1B263DF0CD0031E98C /* p15.mp3 in Resources */ = {isa = PBXBuildFile; fileRef = C405CCF7263DF0CD0031E98C /* p15.mp3 */; };
		C48AC8092651742500A66628 /* MultilineaTF.swift in Sources */ = {isa = PBXBuildFile; fileRef = C48AC8082651742500A66628 /* MultilineaTF.swift */; };
		C4AACF23267D3D6100A793DC /* prova5.png in Resources */ = {isa = PBXBuildFile; fileRef = C4AACF22267D3D6100A793DC /* prova5.png */; };
		C4AACF24267D3D6100A793DC /* prova5.png in Resources */ = {isa = PBXBuildFile; fileRef = C4AACF22267D3D6100A793DC /* prova5.png */; };
		C4AACF2A267D409900A793DC /* onda-audio2.png in Resources */ = {isa = PBXBuildFile; fileRef = C4AACF29267D409900A793DC /* onda-audio2.png */; };
		C4AB19A2263DC104002C011B /* SpeakApp.swift in Sources */ = {isa = PBXBuildFile; fileRef = C4AB198F263DC102002C011B /* SpeakApp.swift */; };
		C4AB19A3263DC104002C011B /* SpeakApp.swift in Sources */ = {isa = PBXBuildFile; fileRef = C4AB198F263DC102002C011B /* SpeakApp.swift */; };
		C4AB19A5263DC104002C011B /* ContentView.swift in Sources */ = {isa = PBXBuildFile; fileRef = C4AB1990263DC102002C011B /* ContentView.swift */; };
		C4AB19A6263DC104002C011B /* Assets.xcassets in Resources */ = {isa = PBXBuildFile; fileRef = C4AB1991263DC104002C011B /* Assets.xcassets */; };
		C4AB19A7263DC104002C011B /* Assets.xcassets in Resources */ = {isa = PBXBuildFile; fileRef = C4AB1991263DC104002C011B /* Assets.xcassets */; };
		C4AB19B1263DC1C5002C011B /* ContentViewP.swift in Sources */ = {isa = PBXBuildFile; fileRef = C4AB19B0263DC1C5002C011B /* ContentViewP.swift */; };
/* End PBXBuildFile section */

/* Begin PBXFileReference section */
		C405CCE2263DED6E0031E98C /* Modelli.swift */ = {isa = PBXFileReference; lastKnownFileType = sourcecode.swift; path = Modelli.swift; sourceTree = "<group>"; };
		C405CCE6263DF0CC0031E98C /* p16.mp3 */ = {isa = PBXFileReference; lastKnownFileType = audio.mp3; path = p16.mp3; sourceTree = "<group>"; };
		C405CCE7263DF0CC0031E98C /* p17.mp3 */ = {isa = PBXFileReference; lastKnownFileType = audio.mp3; path = p17.mp3; sourceTree = "<group>"; };
		C405CCE8263DF0CD0031E98C /* p14.mp3 */ = {isa = PBXFileReference; lastKnownFileType = audio.mp3; path = p14.mp3; sourceTree = "<group>"; };
		C405CCE9263DF0CD0031E98C /* p11.mp3 */ = {isa = PBXFileReference; lastKnownFileType = audio.mp3; path = p11.mp3; sourceTree = "<group>"; };
		C405CCEA263DF0CD0031E98C /* p8.mp3 */ = {isa = PBXFileReference; lastKnownFileType = audio.mp3; path = p8.mp3; sourceTree = "<group>"; };
		C405CCEB263DF0CD0031E98C /* p12.mp3 */ = {isa = PBXFileReference; lastKnownFileType = audio.mp3; path = p12.mp3; sourceTree = "<group>"; };
		C405CCEC263DF0CD0031E98C /* p9.mp3 */ = {isa = PBXFileReference; lastKnownFileType = audio.mp3; path = p9.mp3; sourceTree = "<group>"; };
		C405CCED263DF0CD0031E98C /* p18.mp3 */ = {isa = PBXFileReference; lastKnownFileType = audio.mp3; path = p18.mp3; sourceTree = "<group>"; };
		C405CCEE263DF0CD0031E98C /* p7.mp3 */ = {isa = PBXFileReference; lastKnownFileType = audio.mp3; path = p7.mp3; sourceTree = "<group>"; };
		C405CCEF263DF0CD0031E98C /* p2.mp3 */ = {isa = PBXFileReference; lastKnownFileType = audio.mp3; path = p2.mp3; sourceTree = "<group>"; };
		C405CCF0263DF0CD0031E98C /* p3.mp3 */ = {isa = PBXFileReference; lastKnownFileType = audio.mp3; path = p3.mp3; sourceTree = "<group>"; };
		C405CCF1263DF0CD0031E98C /* p4.mp3 */ = {isa = PBXFileReference; lastKnownFileType = audio.mp3; path = p4.mp3; sourceTree = "<group>"; };
		C405CCF2263DF0CD0031E98C /* p10.mp3 */ = {isa = PBXFileReference; lastKnownFileType = audio.mp3; path = p10.mp3; sourceTree = "<group>"; };
		C405CCF3263DF0CD0031E98C /* p1.mp3 */ = {isa = PBXFileReference; lastKnownFileType = audio.mp3; path = p1.mp3; sourceTree = "<group>"; };
		C405CCF4263DF0CD0031E98C /* p5.mp3 */ = {isa = PBXFileReference; lastKnownFileType = audio.mp3; path = p5.mp3; sourceTree = "<group>"; };
		C405CCF5263DF0CD0031E98C /* p6.mp3 */ = {isa = PBXFileReference; lastKnownFileType = audio.mp3; path = p6.mp3; sourceTree = "<group>"; };
		C405CCF6263DF0CD0031E98C /* p13.mp3 */ = {isa = PBXFileReference; lastKnownFileType = audio.mp3; path = p13.mp3; sourceTree = "<group>"; };
		C405CCF7263DF0CD0031E98C /* p15.mp3 */ = {isa = PBXFileReference; lastKnownFileType = audio.mp3; path = p15.mp3; sourceTree = "<group>"; };
		C47B7015265EF95D001370E5 /* suonoicon.png */ = {isa = PBXFileReference; lastKnownFileType = image.png; path = suonoicon.png; sourceTree = "<group>"; };
		C48AC8082651742500A66628 /* MultilineaTF.swift */ = {isa = PBXFileReference; lastKnownFileType = sourcecode.swift; path = MultilineaTF.swift; sourceTree = "<group>"; };
		C4AACF22267D3D6100A793DC /* prova5.png */ = {isa = PBXFileReference; lastKnownFileType = image.png; path = prova5.png; sourceTree = "<group>"; };
		C4AACF29267D409900A793DC /* onda-audio2.png */ = {isa = PBXFileReference; lastKnownFileType = image.png; path = "onda-audio2.png"; sourceTree = "<group>"; };
		C4AB198F263DC102002C011B /* SpeakApp.swift */ = {isa = PBXFileReference; lastKnownFileType = sourcecode.swift; path = SpeakApp.swift; sourceTree = "<group>"; };
		C4AB1990263DC102002C011B /* ContentView.swift */ = {isa = PBXFileReference; lastKnownFileType = sourcecode.swift; path = ContentView.swift; sourceTree = "<group>"; };
		C4AB1991263DC104002C011B /* Assets.xcassets */ = {isa = PBXFileReference; lastKnownFileType = folder.assetcatalog; path = Assets.xcassets; sourceTree = "<group>"; };
		C4AB1996263DC104002C011B /* Speak.app */ = {isa = PBXFileReference; explicitFileType = wrapper.application; includeInIndex = 0; path = Speak.app; sourceTree = BUILT_PRODUCTS_DIR; };
		C4AB1999263DC104002C011B /* Info.plist */ = {isa = PBXFileReference; lastKnownFileType = text.plist.xml; path = Info.plist; sourceTree = "<group>"; };
		C4AB199E263DC104002C011B /* Speak.app */ = {isa = PBXFileReference; explicitFileType = wrapper.application; includeInIndex = 0; path = Speak.app; sourceTree = BUILT_PRODUCTS_DIR; };
		C4AB19A0263DC104002C011B /* Info.plist */ = {isa = PBXFileReference; lastKnownFileType = text.plist.xml; path = Info.plist; sourceTree = "<group>"; };
		C4AB19A1263DC104002C011B /* macOS.entitlements */ = {isa = PBXFileReference; lastKnownFileType = text.plist.entitlements; path = macOS.entitlements; sourceTree = "<group>"; };
		C4AB19B0263DC1C5002C011B /* ContentViewP.swift */ = {isa = PBXFileReference; lastKnownFileType = sourcecode.swift; path = ContentViewP.swift; sourceTree = "<group>"; };
/* End PBXFileReference section */

/* Begin PBXFrameworksBuildPhase section */
		C4AB1993263DC104002C011B /* Frameworks */ = {
			isa = PBXFrameworksBuildPhase;
			buildActionMask = 2147483647;
			files = (
			);
			runOnlyForDeploymentPostprocessing = 0;
		};
		C4AB199B263DC104002C011B /* Frameworks */ = {
			isa = PBXFrameworksBuildPhase;
			buildActionMask = 2147483647;
			files = (
			);
			runOnlyForDeploymentPostprocessing = 0;
		};
/* End PBXFrameworksBuildPhase section */

/* Begin PBXGroup section */
		C405CCE5263DF0B90031E98C /* suoni */ = {
			isa = PBXGroup;
			children = (
				C405CCF3263DF0CD0031E98C /* p1.mp3 */,
				C405CCEF263DF0CD0031E98C /* p2.mp3 */,
				C405CCF0263DF0CD0031E98C /* p3.mp3 */,
				C405CCF1263DF0CD0031E98C /* p4.mp3 */,
				C405CCF4263DF0CD0031E98C /* p5.mp3 */,
				C405CCF5263DF0CD0031E98C /* p6.mp3 */,
				C405CCEE263DF0CD0031E98C /* p7.mp3 */,
				C405CCEA263DF0CD0031E98C /* p8.mp3 */,
				C405CCEC263DF0CD0031E98C /* p9.mp3 */,
				C405CCF2263DF0CD0031E98C /* p10.mp3 */,
				C405CCE9263DF0CD0031E98C /* p11.mp3 */,
				C405CCEB263DF0CD0031E98C /* p12.mp3 */,
				C405CCF6263DF0CD0031E98C /* p13.mp3 */,
				C405CCE8263DF0CD0031E98C /* p14.mp3 */,
				C405CCF7263DF0CD0031E98C /* p15.mp3 */,
				C405CCE6263DF0CC0031E98C /* p16.mp3 */,
				C405CCE7263DF0CC0031E98C /* p17.mp3 */,
				C405CCED263DF0CD0031E98C /* p18.mp3 */,
			);
			path = suoni;
			sourceTree = "<group>";
		};
		C4AB1989263DC102002C011B = {
			isa = PBXGroup;
			children = (
				C4AB198E263DC102002C011B /* Shared */,
				C4AB1998263DC104002C011B /* iOS */,
				C4AB199F263DC104002C011B /* macOS */,
				C4AB1997263DC104002C011B /* Products */,
			);
			sourceTree = "<group>";
		};
		C4AB198E263DC102002C011B /* Shared */ = {
			isa = PBXGroup;
			children = (
				C405CCE5263DF0B90031E98C /* suoni */,
				C4AB198F263DC102002C011B /* SpeakApp.swift */,
				C4AACF22267D3D6100A793DC /* prova5.png */,
				C4AB1991263DC104002C011B /* Assets.xcassets */,
				C4AACF29267D409900A793DC /* onda-audio2.png */,
				C405CCE2263DED6E0031E98C /* Modelli.swift */,
			);
			path = Shared;
			sourceTree = "<group>";
		};
		C4AB1997263DC104002C011B /* Products */ = {
			isa = PBXGroup;
			children = (
				C4AB1996263DC104002C011B /* Speak.app */,
				C4AB199E263DC104002C011B /* Speak.app */,
			);
			name = Products;
			sourceTree = "<group>";
		};
		C4AB1998263DC104002C011B /* iOS */ = {
			isa = PBXGroup;
			children = (
				C47B7015265EF95D001370E5 /* suonoicon.png */,
				C48AC8082651742500A66628 /* MultilineaTF.swift */,
				C4AB19B0263DC1C5002C011B /* ContentViewP.swift */,
				C4AB1999263DC104002C011B /* Info.plist */,
			);
			path = iOS;
			sourceTree = "<group>";
		};
		C4AB199F263DC104002C011B /* macOS */ = {
			isa = PBXGroup;
			children = (
				C4AB1990263DC102002C011B /* ContentView.swift */,
				C4AB19A0263DC104002C011B /* Info.plist */,
				C4AB19A1263DC104002C011B /* macOS.entitlements */,
			);
			path = macOS;
			sourceTree = "<group>";
		};
/* End PBXGroup section */

/* Begin PBXNativeTarget section */
		C4AB1995263DC104002C011B /* Speak (iOS) */ = {
			isa = PBXNativeTarget;
			buildConfigurationList = C4AB19AA263DC104002C011B /* Build configuration list for PBXNativeTarget "Speak (iOS)" */;
			buildPhases = (
				C4AB1992263DC104002C011B /* Sources */,
				C4AB1993263DC104002C011B /* Frameworks */,
				C4AB1994263DC104002C011B /* Resources */,
			);
			buildRules = (
			);
			dependencies = (
			);
			name = "Speak (iOS)";
			productName = "Speak (iOS)";
			productReference = C4AB1996263DC104002C011B /* Speak.app */;
			productType = "com.apple.product-type.application";
		};
		C4AB199D263DC104002C011B /* Speak (macOS) */ = {
			isa = PBXNativeTarget;
			buildConfigurationList = C4AB19AD263DC104002C011B /* Build configuration list for PBXNativeTarget "Speak (macOS)" */;
			buildPhases = (
				C4AB199A263DC104002C011B /* Sources */,
				C4AB199B263DC104002C011B /* Frameworks */,
				C4AB199C263DC104002C011B /* Resources */,
			);
			buildRules = (
			);
			dependencies = (
			);
			name = "Speak (macOS)";
			productName = "Speak (macOS)";
			productReference = C4AB199E263DC104002C011B /* Speak.app */;
			productType = "com.apple.product-type.application";
		};
/* End PBXNativeTarget section */

/* Begin PBXProject section */
		C4AB198A263DC102002C011B /* Project object */ = {
			isa = PBXProject;
			attributes = {
				LastSwiftUpdateCheck = 1250;
				LastUpgradeCheck = 1250;
				TargetAttributes = {
					C4AB1995263DC104002C011B = {
						CreatedOnToolsVersion = 12.5;
					};
					C4AB199D263DC104002C011B = {
						CreatedOnToolsVersion = 12.5;
					};
				};
			};
			buildConfigurationList = C4AB198D263DC102002C011B /* Build configuration list for PBXProject "Speak" */;
			compatibilityVersion = "Xcode 9.3";
			developmentRegion = en;
			hasScannedForEncodings = 0;
			knownRegions = (
				en,
				Base,
			);
			mainGroup = C4AB1989263DC102002C011B;
			productRefGroup = C4AB1997263DC104002C011B /* Products */;
			projectDirPath = "";
			projectRoot = "";
			targets = (
				C4AB1995263DC104002C011B /* Speak (iOS) */,
				C4AB199D263DC104002C011B /* Speak (macOS) */,
			);
		};
/* End PBXProject section */

/* Begin PBXResourcesBuildPhase section */
		C4AB1994263DC104002C011B /* Resources */ = {
			isa = PBXResourcesBuildPhase;
			buildActionMask = 2147483647;
			files = (
				C405CD0E263DF0CD0031E98C /* p4.mp3 in Resources */,
				C405CD00263DF0CD0031E98C /* p8.mp3 in Resources */,
				C4AACF23267D3D6100A793DC /* prova5.png in Resources */,
				C405CD16263DF0CD0031E98C /* p6.mp3 in Resources */,
				C405CCFA263DF0CD0031E98C /* p17.mp3 in Resources */,
				C4AACF2A267D409900A793DC /* onda-audio2.png in Resources */,
				C405CCFE263DF0CD0031E98C /* p11.mp3 in Resources */,
				C4006492267A729100AF44B4 /* suonoicon.png in Resources */,
				C405CD1A263DF0CD0031E98C /* p15.mp3 in Resources */,
				C405CD06263DF0CD0031E98C /* p18.mp3 in Resources */,
				C405CD0A263DF0CD0031E98C /* p2.mp3 in Resources */,
				C405CCF8263DF0CD0031E98C /* p16.mp3 in Resources */,
				C405CD08263DF0CD0031E98C /* p7.mp3 in Resources */,
				C405CD10263DF0CD0031E98C /* p10.mp3 in Resources */,
				C405CD14263DF0CD0031E98C /* p5.mp3 in Resources */,
				C405CCFC263DF0CD0031E98C /* p14.mp3 in Resources */,
				C405CD12263DF0CD0031E98C /* p1.mp3 in Resources */,
				C405CD04263DF0CD0031E98C /* p9.mp3 in Resources */,
				C4AB19A6263DC104002C011B /* Assets.xcassets in Resources */,
				C405CD18263DF0CD0031E98C /* p13.mp3 in Resources */,
				C405CD02263DF0CD0031E98C /* p12.mp3 in Resources */,
				C405CD0C263DF0CD0031E98C /* p3.mp3 in Resources */,
			);
			runOnlyForDeploymentPostprocessing = 0;
		};
		C4AB199C263DC104002C011B /* Resources */ = {
			isa = PBXResourcesBuildPhase;
			buildActionMask = 2147483647;
			files = (
				C405CD0F263DF0CD0031E98C /* p4.mp3 in Resources */,
				C405CD01263DF0CD0031E98C /* p8.mp3 in Resources */,
				C4AACF24267D3D6100A793DC /* prova5.png in Resources */,
				C405CD17263DF0CD0031E98C /* p6.mp3 in Resources */,
				C405CCFB263DF0CD0031E98C /* p17.mp3 in Resources */,
				C405CCFF263DF0CD0031E98C /* p11.mp3 in Resources */,
				C405CD1B263DF0CD0031E98C /* p15.mp3 in Resources */,
				C405CD07263DF0CD0031E98C /* p18.mp3 in Resources */,
				C405CD0B263DF0CD0031E98C /* p2.mp3 in Resources */,
				C405CCF9263DF0CD0031E98C /* p16.mp3 in Resources */,
				C405CD09263DF0CD0031E98C /* p7.mp3 in Resources */,
				C405CD11263DF0CD0031E98C /* p10.mp3 in Resources */,
				C405CD15263DF0CD0031E98C /* p5.mp3 in Resources */,
				C405CCFD263DF0CD0031E98C /* p14.mp3 in Resources */,
				C405CD13263DF0CD0031E98C /* p1.mp3 in Resources */,
				C405CD05263DF0CD0031E98C /* p9.mp3 in Resources */,
				C4AB19A7263DC104002C011B /* Assets.xcassets in Resources */,
				C405CD19263DF0CD0031E98C /* p13.mp3 in Resources */,
				C405CD03263DF0CD0031E98C /* p12.mp3 in Resources */,
				C405CD0D263DF0CD0031E98C /* p3.mp3 in Resources */,
			);
			runOnlyForDeploymentPostprocessing = 0;
		};
/* End PBXResourcesBuildPhase section */

/* Begin PBXSourcesBuildPhase section */
		C4AB1992263DC104002C011B /* Sources */ = {
			isa = PBXSourcesBuildPhase;
			buildActionMask = 2147483647;
			files = (
				C405CCE3263DED6E0031E98C /* Modelli.swift in Sources */,
				C4AB19A2263DC104002C011B /* SpeakApp.swift in Sources */,
				C4AB19B1263DC1C5002C011B /* ContentViewP.swift in Sources */,
				C48AC8092651742500A66628 /* MultilineaTF.swift in Sources */,
			);
			runOnlyForDeploymentPostprocessing = 0;
		};
		C4AB199A263DC104002C011B /* Sources */ = {
			isa = PBXSourcesBuildPhase;
			buildActionMask = 2147483647;
			files = (
				C405CCE4263DED6E0031E98C /* Modelli.swift in Sources */,
				C4AB19A5263DC104002C011B /* ContentView.swift in Sources */,
				C4AB19A3263DC104002C011B /* SpeakApp.swift in Sources */,
			);
			runOnlyForDeploymentPostprocessing = 0;
		};
/* End PBXSourcesBuildPhase section */

/* Begin XCBuildConfiguration section */
		C4AB19A8263DC104002C011B /* Debug */ = {
			isa = XCBuildConfiguration;
			buildSettings = {
				ALWAYS_SEARCH_USER_PATHS = NO;
				CLANG_ANALYZER_NONNULL = YES;
				CLANG_ANALYZER_NUMBER_OBJECT_CONVERSION = YES_AGGRESSIVE;
				CLANG_CXX_LANGUAGE_STANDARD = "gnu++14";
				CLANG_CXX_LIBRARY = "libc++";
				CLANG_ENABLE_MODULES = YES;
				CLANG_ENABLE_OBJC_ARC = YES;
				CLANG_ENABLE_OBJC_WEAK = YES;
				CLANG_WARN_BLOCK_CAPTURE_AUTORELEASING = YES;
				CLANG_WARN_BOOL_CONVERSION = YES;
				CLANG_WARN_COMMA = YES;
				CLANG_WARN_CONSTANT_CONVERSION = YES;
				CLANG_WARN_DEPRECATED_OBJC_IMPLEMENTATIONS = YES;
				CLANG_WARN_DIRECT_OBJC_ISA_USAGE = YES_ERROR;
				CLANG_WARN_DOCUMENTATION_COMMENTS = YES;
				CLANG_WARN_EMPTY_BODY = YES;
				CLANG_WARN_ENUM_CONVERSION = YES;
				CLANG_WARN_INFINITE_RECURSION = YES;
				CLANG_WARN_INT_CONVERSION = YES;
				CLANG_WARN_NON_LITERAL_NULL_CONVERSION = YES;
				CLANG_WARN_OBJC_IMPLICIT_RETAIN_SELF = YES;
				CLANG_WARN_OBJC_LITERAL_CONVERSION = YES;
				CLANG_WARN_OBJC_ROOT_CLASS = YES_ERROR;
				CLANG_WARN_QUOTED_INCLUDE_IN_FRAMEWORK_HEADER = YES;
				CLANG_WARN_RANGE_LOOP_ANALYSIS = YES;
				CLANG_WARN_STRICT_PROTOTYPES = YES;
				CLANG_WARN_SUSPICIOUS_MOVE = YES;
				CLANG_WARN_UNGUARDED_AVAILABILITY = YES_AGGRESSIVE;
				CLANG_WARN_UNREACHABLE_CODE = YES;
				CLANG_WARN__DUPLICATE_METHOD_MATCH = YES;
				COPY_PHASE_STRIP = NO;
				DEBUG_INFORMATION_FORMAT = dwarf;
				ENABLE_STRICT_OBJC_MSGSEND = YES;
				ENABLE_TESTABILITY = YES;
				GCC_C_LANGUAGE_STANDARD = gnu11;
				GCC_DYNAMIC_NO_PIC = NO;
				GCC_NO_COMMON_BLOCKS = YES;
				GCC_OPTIMIZATION_LEVEL = 0;
				GCC_PREPROCESSOR_DEFINITIONS = (
					"DEBUG=1",
					"$(inherited)",
				);
				GCC_WARN_64_TO_32_BIT_CONVERSION = YES;
				GCC_WARN_ABOUT_RETURN_TYPE = YES_ERROR;
				GCC_WARN_UNDECLARED_SELECTOR = YES;
				GCC_WARN_UNINITIALIZED_AUTOS = YES_AGGRESSIVE;
				GCC_WARN_UNUSED_FUNCTION = YES;
				GCC_WARN_UNUSED_VARIABLE = YES;
				IPHONEOS_DEPLOYMENT_TARGET = 14.7;
				MACOSX_DEPLOYMENT_TARGET = 11.5;
				MTL_ENABLE_DEBUG_INFO = INCLUDE_SOURCE;
				MTL_FAST_MATH = YES;
				ONLY_ACTIVE_ARCH = YES;
				SWIFT_ACTIVE_COMPILATION_CONDITIONS = DEBUG;
				SWIFT_OPTIMIZATION_LEVEL = "-Onone";
			};
			name = Debug;
		};
		C4AB19A9263DC104002C011B /* Release */ = {
			isa = XCBuildConfiguration;
			buildSettings = {
				ALWAYS_SEARCH_USER_PATHS = NO;
				CLANG_ANALYZER_NONNULL = YES;
				CLANG_ANALYZER_NUMBER_OBJECT_CONVERSION = YES_AGGRESSIVE;
				CLANG_CXX_LANGUAGE_STANDARD = "gnu++14";
				CLANG_CXX_LIBRARY = "libc++";
				CLANG_ENABLE_MODULES = YES;
				CLANG_ENABLE_OBJC_ARC = YES;
				CLANG_ENABLE_OBJC_WEAK = YES;
				CLANG_WARN_BLOCK_CAPTURE_AUTORELEASING = YES;
				CLANG_WARN_BOOL_CONVERSION = YES;
				CLANG_WARN_COMMA = YES;
				CLANG_WARN_CONSTANT_CONVERSION = YES;
				CLANG_WARN_DEPRECATED_OBJC_IMPLEMENTATIONS = YES;
				CLANG_WARN_DIRECT_OBJC_ISA_USAGE = YES_ERROR;
				CLANG_WARN_DOCUMENTATION_COMMENTS = YES;
				CLANG_WARN_EMPTY_BODY = YES;
				CLANG_WARN_ENUM_CONVERSION = YES;
				CLANG_WARN_INFINITE_RECURSION = YES;
				CLANG_WARN_INT_CONVERSION = YES;
				CLANG_WARN_NON_LITERAL_NULL_CONVERSION = YES;
				CLANG_WARN_OBJC_IMPLICIT_RETAIN_SELF = YES;
				CLANG_WARN_OBJC_LITERAL_CONVERSION = YES;
				CLANG_WARN_OBJC_ROOT_CLASS = YES_ERROR;
				CLANG_WARN_QUOTED_INCLUDE_IN_FRAMEWORK_HEADER = YES;
				CLANG_WARN_RANGE_LOOP_ANALYSIS = YES;
				CLANG_WARN_STRICT_PROTOTYPES = YES;
				CLANG_WARN_SUSPICIOUS_MOVE = YES;
				CLANG_WARN_UNGUARDED_AVAILABILITY = YES_AGGRESSIVE;
				CLANG_WARN_UNREACHABLE_CODE = YES;
				CLANG_WARN__DUPLICATE_METHOD_MATCH = YES;
				COPY_PHASE_STRIP = NO;
				DEBUG_INFORMATION_FORMAT = "dwarf-with-dsym";
				ENABLE_NS_ASSERTIONS = NO;
				ENABLE_STRICT_OBJC_MSGSEND = YES;
				GCC_C_LANGUAGE_STANDARD = gnu11;
				GCC_NO_COMMON_BLOCKS = YES;
				GCC_WARN_64_TO_32_BIT_CONVERSION = YES;
				GCC_WARN_ABOUT_RETURN_TYPE = YES_ERROR;
				GCC_WARN_UNDECLARED_SELECTOR = YES;
				GCC_WARN_UNINITIALIZED_AUTOS = YES_AGGRESSIVE;
				GCC_WARN_UNUSED_FUNCTION = YES;
				GCC_WARN_UNUSED_VARIABLE = YES;
				IPHONEOS_DEPLOYMENT_TARGET = 14.7;
				MACOSX_DEPLOYMENT_TARGET = 11.5;
				MTL_ENABLE_DEBUG_INFO = NO;
				MTL_FAST_MATH = YES;
				SWIFT_COMPILATION_MODE = wholemodule;
				SWIFT_OPTIMIZATION_LEVEL = "-O";
			};
			name = Release;
		};
		C4AB19AB263DC104002C011B /* Debug */ = {
			isa = XCBuildConfiguration;
			buildSettings = {
				ASSETCATALOG_COMPILER_APPICON_NAME = "AppIcon-3";
				ASSETCATALOG_COMPILER_GLOBAL_ACCENT_COLOR_NAME = AccentColor;
				CODE_SIGN_STYLE = Automatic;
				DEVELOPMENT_TEAM = G7DSPSWXXC;
				ENABLE_PREVIEWS = YES;
				INFOPLIST_FILE = iOS/Info.plist;
				IPHONEOS_DEPLOYMENT_TARGET = 14.0;
				LD_RUNPATH_SEARCH_PATHS = (
					"$(inherited)",
					"@executable_path/Frameworks",
				);
				PRODUCT_BUNDLE_IDENTIFIER = com.MicheleManniello.Speak;
				PRODUCT_NAME = Speak;
				SDKROOT = iphoneos;
				SWIFT_VERSION = 5.0;
				TARGETED_DEVICE_FAMILY = "1,2";
			};
			name = Debug;
		};
		C4AB19AC263DC104002C011B /* Release */ = {
			isa = XCBuildConfiguration;
			buildSettings = {
				ASSETCATALOG_COMPILER_APPICON_NAME = "AppIcon-3";
				ASSETCATALOG_COMPILER_GLOBAL_ACCENT_COLOR_NAME = AccentColor;
				CODE_SIGN_STYLE = Automatic;
				DEVELOPMENT_TEAM = G7DSPSWXXC;
				ENABLE_PREVIEWS = YES;
				INFOPLIST_FILE = iOS/Info.plist;
				IPHONEOS_DEPLOYMENT_TARGET = 14.0;
				LD_RUNPATH_SEARCH_PATHS = (
					"$(inherited)",
					"@executable_path/Frameworks",
				);
				PRODUCT_BUNDLE_IDENTIFIER = com.MicheleManniello.Speak;
				PRODUCT_NAME = Speak;
				SDKROOT = iphoneos;
				SWIFT_VERSION = 5.0;
				TARGETED_DEVICE_FAMILY = "1,2";
				VALIDATE_PRODUCT = YES;
			};
			name = Release;
		};
		C4AB19AE263DC104002C011B /* Debug */ = {
			isa = XCBuildConfiguration;
			buildSettings = {
				ASSETCATALOG_COMPILER_APPICON_NAME = "AppIcon-3";
				ASSETCATALOG_COMPILER_GLOBAL_ACCENT_COLOR_NAME = AccentColor;
				CODE_SIGN_ENTITLEMENTS = macOS/macOS.entitlements;
				CODE_SIGN_IDENTITY = "-";
				CODE_SIGN_STYLE = Automatic;
				COMBINE_HIDPI_IMAGES = YES;
				DEVELOPMENT_TEAM = G7DSPSWXXC;
				ENABLE_HARDENED_RUNTIME = YES;
				ENABLE_PREVIEWS = YES;
				INFOPLIST_FILE = macOS/Info.plist;
				LD_RUNPATH_SEARCH_PATHS = (
					"$(inherited)",
					"@executable_path/../Frameworks",
				);
				MACOSX_DEPLOYMENT_TARGET = 11.0;
				PRODUCT_BUNDLE_IDENTIFIER = com.MicheleManniello.Speak;
				PRODUCT_NAME = Speak;
				SDKROOT = macosx;
				SWIFT_VERSION = 5.0;
			};
			name = Debug;
		};
		C4AB19AF263DC104002C011B /* Release */ = {
			isa = XCBuildConfiguration;
			buildSettings = {
				ASSETCATALOG_COMPILER_APPICON_NAME = "AppIcon-3";
				ASSETCATALOG_COMPILER_GLOBAL_ACCENT_COLOR_NAME = AccentColor;
				CODE_SIGN_ENTITLEMENTS = macOS/macOS.entitlements;
				CODE_SIGN_IDENTITY = "-";
				CODE_SIGN_STYLE = Automatic;
				COMBINE_HIDPI_IMAGES = YES;
				DEVELOPMENT_TEAM = G7DSPSWXXC;
				ENABLE_HARDENED_RUNTIME = YES;
				ENABLE_PREVIEWS = YES;
				INFOPLIST_FILE = macOS/Info.plist;
				LD_RUNPATH_SEARCH_PATHS = (
					"$(inherited)",
					"@executable_path/../Frameworks",
				);
				MACOSX_DEPLOYMENT_TARGET = 11.0;
				PRODUCT_BUNDLE_IDENTIFIER = com.MicheleManniello.Speak;
				PRODUCT_NAME = Speak;
				SDKROOT = macosx;
				SWIFT_VERSION = 5.0;
			};
			name = Release;
		};
/* End XCBuildConfiguration section */

/* Begin XCConfigurationList section */
		C4AB198D263DC102002C011B /* Build configuration list for PBXProject "Speak" */ = {
			isa = XCConfigurationList;
			buildConfigurations = (
				C4AB19A8263DC104002C011B /* Debug */,
				C4AB19A9263DC104002C011B /* Release */,
			);
			defaultConfigurationIsVisible = 0;
			defaultConfigurationName = Release;
		};
		C4AB19AA263DC104002C011B /* Build configuration list for PBXNativeTarget "Speak (iOS)" */ = {
			isa = XCConfigurationList;
			buildConfigurations = (
				C4AB19AB263DC104002C011B /* Debug */,
				C4AB19AC263DC104002C011B /* Release */,
			);
			defaultConfigurationIsVisible = 0;
			defaultConfigurationName = Release;
		};
		C4AB19AD263DC104002C011B /* Build configuration list for PBXNativeTarget "Speak (macOS)" */ = {
			isa = XCConfigurationList;
			buildConfigurations = (
				C4AB19AE263DC104002C011B /* Debug */,
				C4AB19AF263DC104002C011B /* Release */,
			);
			defaultConfigurationIsVisible = 0;
			defaultConfigurationName = Release;
		};
/* End XCConfigurationList section */
	};
	rootObject = C4AB198A263DC102002C011B /* Project object */;
}
